
Microsoft Visual Studio Solution File, Format Version 12.00
# Visual Studio Version 17
VisualStudioVersion = 17.5.33530.505
MinimumVisualStudioVersion = 10.0.40219.1
Project("{FAE04EC0-301F-11D3-BF4B-00C04F79EFBC}") = "IdentityRazor", "IdentityRazor\IdentityRazor.csproj", "{ADF5750E-1350-4DAF-A771-7552C5108E3F}"
EndProject
Global
	GlobalSection(SolutionConfigurationPlatforms) = preSolution
		Debug|Any CPU = Debug|Any CPU
		Release|Any CPU = Release|Any CPU
	EndGlobalSection
	GlobalSection(ProjectConfigurationPlatforms) = postSolution
		{ADF5750E-1350-4DAF-A771-7552C5108E3F}.Debug|Any CPU.ActiveCfg = Debug|Any CPU
		{ADF5750E-1350-4DAF-A771-7552C5108E3F}.Debug|Any CPU.Build.0 = Debug|Any CPU
		{ADF5750E-1350-4DAF-A771-7552C5108E3F}.Release|Any CPU.ActiveCfg = Release|Any CPU
		{ADF5750E-1350-4DAF-A771-7552C5108E3F}.Release|Any CPU.Build.0 = Release|Any CPU
	EndGlobalSection
	GlobalSection(SolutionProperties) = preSolution
		HideSolutionNode = FALSE
	EndGlobalSection
	GlobalSection(ExtensibilityGlobals) = postSolution
		SolutionGuid = {1E491A88-9E9C-4D48-A598-31C0DBA6A96B}
	EndGlobalSection
EndGlobal
